
Microsoft Visual Studio Solution File, Format Version 12.00
# Visual Studio Version 17
VisualStudioVersion = 17.2.32526.322
MinimumVisualStudioVersion = 10.0.40219.1
Project("{FAE04EC0-301F-11D3-BF4B-00C04F79EFBC}") = "CSharp-Assignment-3", "CSharp-Assignment-3.csproj", "{FFE61BC3-46C8-42D2-8BC5-E7E7F18D940C}"
EndProject
Global
	GlobalSection(SolutionConfigurationPlatforms) = preSolution
		Debug|Any CPU = Debug|Any CPU
		Release|Any CPU = Release|Any CPU
	EndGlobalSection
	GlobalSection(ProjectConfigurationPlatforms) = postSolution
		{FFE61BC3-46C8-42D2-8BC5-E7E7F18D940C}.Debug|Any CPU.ActiveCfg = Debug|Any CPU
		{FFE61BC3-46C8-42D2-8BC5-E7E7F18D940C}.Debug|Any CPU.Build.0 = Debug|Any CPU
		{FFE61BC3-46C8-42D2-8BC5-E7E7F18D940C}.Release|Any CPU.ActiveCfg = Release|Any CPU
		{FFE61BC3-46C8-42D2-8BC5-E7E7F18D940C}.Release|Any CPU.Build.0 = Release|Any CPU
	EndGlobalSection
	GlobalSection(SolutionProperties) = preSolution
		HideSolutionNode = FALSE
	EndGlobalSection
	GlobalSection(ExtensibilityGlobals) = postSolution
		SolutionGuid = {01DB51F7-C939-4178-AA5C-6C20191CEC79}
	EndGlobalSection
EndGlobal
